{
  "originHash" : "c010480bbb029723a2f50368dfa87435ac1ca65f949edba7fcbf0517b62a6932",
  "pins" : [
    {
      "identity" : "swatex",
      "kind" : "remoteSourceControl",
      "location" : "https://github.com/PhraseHQ/SwaTex.git",
      "state" : {
        "revision" : "2b38d0b9b9b9466ac1302ab93b37f3b90b8c74fc",
        "version" : "0.5.0"
      }
    },
    {
      "identity" : "swift-cmark",
      "kind" : "remoteSourceControl",
      "location" : "https://github.com/swiftlang/swift-cmark.git",
      "state" : {
        "branch" : "gfm",
        "revision" : "0c8947bbd58c491c54aae114aca40621cddc8357"
      }
    },
    {
      "identity" : "swift-markdown",
      "kind" : "remoteSourceControl",
      "location" : "https://github.com/swiftlang/swift-markdown.git",
      "state" : {
        "branch" : "main",
        "revision" : "75e3df1d7b664ef3c96595de36c243b98599b3bc"
      }
    },
    {
      "identity" : "swift-mermaid",
      "kind" : "remoteSourceControl",
      "location" : "https://github.com/Australware/swift-mermaid.git",
      "state" : {
        "revision" : "ee4b50bc15ad6e9b9f88bc320f2c42ba9a55a804",
        "version" : "0.3.0"
      }
    }
  ],
  "version" : 3
}
