{
  "originHash" : "a0f1046a82443a8f6ded826e4cb64fd806a47d105cb48e483eae1c6ba7727396",
  "pins" : [
    {
      "identity" : "swatex",
      "kind" : "remoteSourceControl",
      "location" : "https://github.com/PhraseHQ/SwaTex.git",
      "state" : {
        "revision" : "2b38d0b9b9b9466ac1302ab93b37f3b90b8c74fc",
        "version" : "0.5.0"
      }
    },
    {
      "identity" : "swift-cmark",
      "kind" : "remoteSourceControl",
      "location" : "https://github.com/swiftlang/swift-cmark.git",
      "state" : {
        "branch" : "gfm",
        "revision" : "0c8947bbd58c491c54aae114aca40621cddc8357"
      }
    },
    {
      "identity" : "swift-markdown",
      "kind" : "remoteSourceControl",
      "location" : "https://github.com/swiftlang/swift-markdown.git",
      "state" : {
        "branch" : "main",
        "revision" : "75e3df1d7b664ef3c96595de36c243b98599b3bc"
      }
    }
  ],
  "version" : 3
}
